
Microsoft Visual Studio Solution File, Format Version 12.00
# Visual Studio Version 17
VisualStudioVersion = 17.14.37301.10 d17.14
MinimumVisualStudioVersion = 10.0.40219.1
Project("{FAE04EC0-301F-11D3-BF4B-00C04F79EFBC}") = "API", "API\API.csproj", "{FA3FDD88-2DC6-4C73-92C0-009F83B32EAD}"
EndProject
Project("{FAE04EC0-301F-11D3-BF4B-00C04F79EFBC}") = "BLL", "BLL\BLL.csproj", "{F112C044-7D1D-49A0-86F6-1BC918781C76}"
EndProject
Project("{FAE04EC0-301F-11D3-BF4B-00C04F79EFBC}") = "DAL", "DAL\DAL.csproj", "{922A7539-10E6-405D-8273-318353011B0C}"
EndProject
Global
	GlobalSection(SolutionConfigurationPlatforms) = preSolution
		Debug|Any CPU = Debug|Any CPU
		Release|Any CPU = Release|Any CPU
	EndGlobalSection
	GlobalSection(ProjectConfigurationPlatforms) = postSolution
		{FA3FDD88-2DC6-4C73-92C0-009F83B32EAD}.Debug|Any CPU.ActiveCfg = Debug|Any CPU
		{FA3FDD88-2DC6-4C73-92C0-009F83B32EAD}.Debug|Any CPU.Build.0 = Debug|Any CPU
		{FA3FDD88-2DC6-4C73-92C0-009F83B32EAD}.Release|Any CPU.ActiveCfg = Release|Any CPU
		{FA3FDD88-2DC6-4C73-92C0-009F83B32EAD}.Release|Any CPU.Build.0 = Release|Any CPU
		{F112C044-7D1D-49A0-86F6-1BC918781C76}.Debug|Any CPU.ActiveCfg = Debug|Any CPU
		{F112C044-7D1D-49A0-86F6-1BC918781C76}.Debug|Any CPU.Build.0 = Debug|Any CPU
		{F112C044-7D1D-49A0-86F6-1BC918781C76}.Release|Any CPU.ActiveCfg = Release|Any CPU
		{F112C044-7D1D-49A0-86F6-1BC918781C76}.Release|Any CPU.Build.0 = Release|Any CPU
		{922A7539-10E6-405D-8273-318353011B0C}.Debug|Any CPU.ActiveCfg = Debug|Any CPU
		{922A7539-10E6-405D-8273-318353011B0C}.Debug|Any CPU.Build.0 = Debug|Any CPU
		{922A7539-10E6-405D-8273-318353011B0C}.Release|Any CPU.ActiveCfg = Release|Any CPU
		{922A7539-10E6-405D-8273-318353011B0C}.Release|Any CPU.Build.0 = Release|Any CPU
	EndGlobalSection
	GlobalSection(SolutionProperties) = preSolution
		HideSolutionNode = FALSE
	EndGlobalSection
	GlobalSection(ExtensibilityGlobals) = postSolution
		SolutionGuid = {E0E5385B-97EC-4B67-80A0-96FBABA95A72}
	EndGlobalSection
EndGlobal
